
Microsoft Visual Studio Solution File, Format Version 12.00
# Visual Studio 2013
VisualStudioVersion = 12.0.21005.1
MinimumVisualStudioVersion = 10.0.40219.1
Project("{8BC9CEB8-8B4A-11D0-8D11-00A0C91BC942}") = "DataLab", "DataLab.vcxproj", "{B7519BFB-4685-4CD6-A700-D60DB755669D}"
EndProject
Project("{8BC9CEB8-8B4A-11D0-8D11-00A0C91BC942}") = "UnitTest1", "..\UnitTest1\UnitTest1.vcxproj", "{F8DCADCE-D111-4906-A715-8676D0B65C05}"
EndProject
Global
	GlobalSection(SolutionConfigurationPlatforms) = preSolution
		Debug|Win32 = Debug|Win32
		Release|Win32 = Release|Win32
	EndGlobalSection
	GlobalSection(ProjectConfigurationPlatforms) = postSolution
		{B7519BFB-4685-4CD6-A700-D60DB755669D}.Debug|Win32.ActiveCfg = Debug|Win32
		{B7519BFB-4685-4CD6-A700-D60DB755669D}.Debug|Win32.Build.0 = Debug|Win32
		{B7519BFB-4685-4CD6-A700-D60DB755669D}.Release|Win32.ActiveCfg = Release|Win32
		{B7519BFB-4685-4CD6-A700-D60DB755669D}.Release|Win32.Build.0 = Release|Win32
		{F8DCADCE-D111-4906-A715-8676D0B65C05}.Debug|Win32.ActiveCfg = Debug|Win32
		{F8DCADCE-D111-4906-A715-8676D0B65C05}.Debug|Win32.Build.0 = Debug|Win32
		{F8DCADCE-D111-4906-A715-8676D0B65C05}.Release|Win32.ActiveCfg = Release|Win32
		{F8DCADCE-D111-4906-A715-8676D0B65C05}.Release|Win32.Build.0 = Release|Win32
	EndGlobalSection
	GlobalSection(SolutionProperties) = preSolution
		HideSolutionNode = FALSE
	EndGlobalSection
EndGlobal
